
Microsoft Visual Studio Solution File, Format Version 12.00
# Visual Studio Version 17
VisualStudioVersion = 17.13.35931.197 d17.13
MinimumVisualStudioVersion = 10.0.40219.1
Project("{888888A0-9F3D-457C-B088-3A5042F75D52}") = "Covered Call App", "Covered Call App\Covered Call App.pyproj", "{8D846CF2-8C0C-4158-9665-A386F3BD5151}"
EndProject
Global
	GlobalSection(SolutionConfigurationPlatforms) = preSolution
		Debug|Any CPU = Debug|Any CPU
		Release|Any CPU = Release|Any CPU
	EndGlobalSection
	GlobalSection(ProjectConfigurationPlatforms) = postSolution
		{8D846CF2-8C0C-4158-9665-A386F3BD5151}.Debug|Any CPU.ActiveCfg = Debug|Any CPU
		{8D846CF2-8C0C-4158-9665-A386F3BD5151}.Release|Any CPU.ActiveCfg = Release|Any CPU
	EndGlobalSection
	GlobalSection(SolutionProperties) = preSolution
		HideSolutionNode = FALSE
	EndGlobalSection
	GlobalSection(ExtensibilityGlobals) = postSolution
		SolutionGuid = {47513878-B434-4E9F-B526-D3A376C47D8B}
	EndGlobalSection
EndGlobal
